
Microsoft Visual Studio Solution File, Format Version 12.00
# Visual Studio Version 17
VisualStudioVersion = 17.14.36518.9 d17.14
MinimumVisualStudioVersion = 10.0.40219.1
Project("{FAE04EC0-301F-11D3-BF4B-00C04F79EFBC}") = "CustomControls", "CustomControls.csproj", "{975E7FE6-2FBB-4D42-A172-CE7E10F8768A}"
EndProject
Global
	GlobalSection(SolutionConfigurationPlatforms) = preSolution
		Debug|Any CPU = Debug|Any CPU
		Release|Any CPU = Release|Any CPU
	EndGlobalSection
	GlobalSection(ProjectConfigurationPlatforms) = postSolution
		{975E7FE6-2FBB-4D42-A172-CE7E10F8768A}.Debug|Any CPU.ActiveCfg = Debug|Any CPU
		{975E7FE6-2FBB-4D42-A172-CE7E10F8768A}.Debug|Any CPU.Build.0 = Debug|Any CPU
		{975E7FE6-2FBB-4D42-A172-CE7E10F8768A}.Release|Any CPU.ActiveCfg = Release|Any CPU
		{975E7FE6-2FBB-4D42-A172-CE7E10F8768A}.Release|Any CPU.Build.0 = Release|Any CPU
	EndGlobalSection
	GlobalSection(SolutionProperties) = preSolution
		HideSolutionNode = FALSE
	EndGlobalSection
	GlobalSection(ExtensibilityGlobals) = postSolution
		SolutionGuid = {06A39CBD-9BE4-4DB5-B5A1-10E03944F5D3}
	EndGlobalSection
EndGlobal
